
Microsoft Visual Studio Solution File, Format Version 12.00
# Visual Studio 2013
Project("{FAE04EC0-301F-11D3-BF4B-00C04F79EFBC}") = "UnityVS.RocketMouse.CSharp", "UnityVS.RocketMouse.CSharp.csproj", "{94BA03C8-CD95-23F8-1170-79A31D48A18F}"
EndProject
Global
	GlobalSection(SolutionConfigurationPlatforms) = preSolution
		Debug|Any CPU = Debug|Any CPU
		Release|Any CPU = Release|Any CPU
	EndGlobalSection
	GlobalSection(ProjectConfigurationPlatforms) = postSolution
		{94BA03C8-CD95-23F8-1170-79A31D48A18F}.Debug|Any CPU.ActiveCfg = Debug|Any CPU
		{94BA03C8-CD95-23F8-1170-79A31D48A18F}.Debug|Any CPU.Build.0 = Debug|Any CPU
		{94BA03C8-CD95-23F8-1170-79A31D48A18F}.Release|Any CPU.ActiveCfg = Release|Any CPU
		{94BA03C8-CD95-23F8-1170-79A31D48A18F}.Release|Any CPU.Build.0 = Release|Any CPU
	EndGlobalSection
	GlobalSection(SolutionProperties) = preSolution
		HideSolutionNode = FALSE
	EndGlobalSection
EndGlobal
